
Microsoft Visual Studio Solution File, Format Version 12.00
Project("{FAE04EC0-301F-11D3-BF4B-00C04F79EFBC}") = "CompanyReceivingCapabilities", "CompanyReceivingCapabilities\CompanyReceivingCapabilities.csproj", "{3D9003DB-AF91-430E-A4AA-540D0FD63EDA}"
EndProject
Project("{FAE04EC0-301F-11D3-BF4B-00C04F79EFBC}") = "ExampleApp", "ExampleApp\ExampleApp.csproj", "{D63A7B56-D36D-4894-88DF-CA98A7181462}"
EndProject
Global
	GlobalSection(SolutionConfigurationPlatforms) = preSolution
		Debug|Any CPU = Debug|Any CPU
		Release|Any CPU = Release|Any CPU
	EndGlobalSection
	GlobalSection(ProjectConfigurationPlatforms) = postSolution
		{3D9003DB-AF91-430E-A4AA-540D0FD63EDA}.Debug|Any CPU.ActiveCfg = Debug|Any CPU
		{3D9003DB-AF91-430E-A4AA-540D0FD63EDA}.Debug|Any CPU.Build.0 = Debug|Any CPU
		{3D9003DB-AF91-430E-A4AA-540D0FD63EDA}.Release|Any CPU.ActiveCfg = Release|Any CPU
		{3D9003DB-AF91-430E-A4AA-540D0FD63EDA}.Release|Any CPU.Build.0 = Release|Any CPU
		{D63A7B56-D36D-4894-88DF-CA98A7181462}.Debug|Any CPU.ActiveCfg = Debug|Any CPU
		{D63A7B56-D36D-4894-88DF-CA98A7181462}.Debug|Any CPU.Build.0 = Debug|Any CPU
		{D63A7B56-D36D-4894-88DF-CA98A7181462}.Release|Any CPU.ActiveCfg = Release|Any CPU
		{D63A7B56-D36D-4894-88DF-CA98A7181462}.Release|Any CPU.Build.0 = Release|Any CPU
	EndGlobalSection
EndGlobal
